{
  "name": "circuit-mud",
  "version": "1.0.0",
  "lockfileVersion": 1,
  "requires": true,
  "dependencies": {
    "crypto-js": {
      "version": "3.1.9-1",
      "resolved": "https://registry.npmjs.org/crypto-js/-/crypto-js-3.1.9-1.tgz",
      "integrity": "sha1-/aGedh/Ad+Af+/3G6f38WeiAbNg="
    },
    "simple-crypto-js": {
      "version": "2.2.0",
      "resolved": "https://registry.npmjs.org/simple-crypto-js/-/simple-crypto-js-2.2.0.tgz",
      "integrity": "sha512-noEQl72TKmQCc46mKO1dg5jB0/M5caFckDreku68Wv6MXb/aue0I/P7RfNLWYqN/aHQjTolZB1w5AM84dIlkMw==",
      "requires": {
        "crypto-js": "^3.1.9-1"
      }
    },
    "telnet": {
      "version": "git+https://github.com/TooTallNate/node-telnet.git#780340617e1f223de384cdfcb7cecf0a1a6f1159",
      "from": "git+https://github.com/TooTallNate/node-telnet.git#780340617e1f223de384cdfcb7cecf0a1a6f1159"
    }
  }
}
